// !$*UTF8*$!
{
	archiveVersion = 1;
	classes = {
	};
	objectVersion = 46;
	objects = {

/* Begin PBXBuildFile section */
		895AB83F1C729417005A2AEB /* main.m in Sources */ = {isa = PBXBuildFile; fileRef = 895AB83E1C729417005A2AEB /* main.m */; };
		895AB8421C729417005A2AEB /* AppDelegate.m in Sources */ = {isa = PBXBuildFile; fileRef = 895AB8411C729417005A2AEB /* AppDelegate.m */; };
		895AB8451C729417005A2AEB /* ViewController.m in Sources */ = {isa = PBXBuildFile; fileRef = 895AB8441C729417005A2AEB /* ViewController.m */; };
		895AB8481C729417005A2AEB /* Main.storyboard in Resources */ = {isa = PBXBuildFile; fileRef = 895AB8461C729417005A2AEB /* Main.storyboard */; };
		895AB84A1C729417005A2AEB /* Assets.xcassets in Resources */ = {isa = PBXBuildFile; fileRef = 895AB8491C729417005A2AEB /* Assets.xcassets */; };
		895AB84D1C729417005A2AEB /* LaunchScreen.storyboard in Resources */ = {isa = PBXBuildFile; fileRef = 895AB84B1C729417005A2AEB /* LaunchScreen.storyboard */; };
		895AB8581C729418005A2AEB /* Halo_5_Arena_StatsTests.m in Sources */ = {isa = PBXBuildFile; fileRef = 895AB8571C729418005A2AEB /* Halo_5_Arena_StatsTests.m */; };
		895AB8631C729418005A2AEB /* Halo_5_Arena_StatsUITests.m in Sources */ = {isa = PBXBuildFile; fileRef = 895AB8621C729418005A2AEB /* Halo_5_Arena_StatsUITests.m */; };
/* End PBXBuildFile section */

/* Begin PBXContainerItemProxy section */
		895AB8541C729418005A2AEB /* PBXContainerItemProxy */ = {
			isa = PBXContainerItemProxy;
			containerPortal = 895AB8321C729417005A2AEB /* Project object */;
			proxyType = 1;
			remoteGlobalIDString = 895AB8391C729417005A2AEB;
			remoteInfo = "Halo 5 Arena Stats";
		};
		895AB85F1C729418005A2AEB /* PBXContainerItemProxy */ = {
			isa = PBXContainerItemProxy;
			containerPortal = 895AB8321C729417005A2AEB /* Project object */;
			proxyType = 1;
			remoteGlobalIDString = 895AB8391C729417005A2AEB;
			remoteInfo = "Halo 5 Arena Stats";
		};
/* End PBXContainerItemProxy section */

/* Begin PBXFileReference section */
		895AB83A1C729417005A2AEB /* Halo 5 Arena Stats.app */ = {isa = PBXFileReference; explicitFileType = wrapper.application; includeInIndex = 0; path = "Halo 5 Arena Stats.app"; sourceTree = BUILT_PRODUCTS_DIR; };
		895AB83E1C729417005A2AEB /* main.m */ = {isa = PBXFileReference; lastKnownFileType = sourcecode.c.objc; path = main.m; sourceTree = "<group>"; };
		895AB8401C729417005A2AEB /* AppDelegate.h */ = {isa = PBXFileReference; lastKnownFileType = sourcecode.c.h; path = AppDelegate.h; sourceTree = "<group>"; };
		895AB8411C729417005A2AEB /* AppDelegate.m */ = {isa = PBXFileReference; lastKnownFileType = sourcecode.c.objc; path = AppDelegate.m; sourceTree = "<group>"; };
		895AB8431C729417005A2AEB /* ViewController.h */ = {isa = PBXFileReference; lastKnownFileType = sourcecode.c.h; path = ViewController.h; sourceTree = "<group>"; };
		895AB8441C729417005A2AEB /* ViewController.m */ = {isa = PBXFileReference; lastKnownFileType = sourcecode.c.objc; path = ViewController.m; sourceTree = "<group>"; };
		895AB8471C729417005A2AEB /* Base */ = {isa = PBXFileReference; lastKnownFileType = file.storyboard; name = Base; path = Base.lproj/Main.storyboard; sourceTree = "<group>"; };
		895AB8491C729417005A2AEB /* Assets.xcassets */ = {isa = PBXFileReference; lastKnownFileType = folder.assetcatalog; path = Assets.xcassets; sourceTree = "<group>"; };
		895AB84C1C729417005A2AEB /* Base */ = {isa = PBXFileReference; lastKnownFileType = file.storyboard; name = Base; path = Base.lproj/LaunchScreen.storyboard; sourceTree = "<group>"; };
		895AB84E1C729417005A2AEB /* Info.plist */ = {isa = PBXFileReference; lastKnownFileType = text.plist.xml; path = Info.plist; sourceTree = "<group>"; };
		895AB8531C729418005A2AEB /* Halo 5 Arena StatsTests.xctest */ = {isa = PBXFileReference; explicitFileType = wrapper.cfbundle; includeInIndex = 0; path = "Halo 5 Arena StatsTests.xctest"; sourceTree = BUILT_PRODUCTS_DIR; };
		895AB8571C729418005A2AEB /* Halo_5_Arena_StatsTests.m */ = {isa = PBXFileReference; lastKnownFileType = sourcecode.c.objc; path = Halo_5_Arena_StatsTests.m; sourceTree = "<group>"; };
		895AB8591C729418005A2AEB /* Info.plist */ = {isa = PBXFileReference; lastKnownFileType = text.plist.xml; path = Info.plist; sourceTree = "<group>"; };
		895AB85E1C729418005A2AEB /* Halo 5 Arena StatsUITests.xctest */ = {isa = PBXFileReference; explicitFileType = wrapper.cfbundle; includeInIndex = 0; path = "Halo 5 Arena StatsUITests.xctest"; sourceTree = BUILT_PRODUCTS_DIR; };
		895AB8621C729418005A2AEB /* Halo_5_Arena_StatsUITests.m */ = {isa = PBXFileReference; lastKnownFileType = sourcecode.c.objc; path = Halo_5_Arena_StatsUITests.m; sourceTree = "<group>"; };
		895AB8641C729418005A2AEB /* Info.plist */ = {isa = PBXFileReference; lastKnownFileType = text.plist.xml; path = Info.plist; sourceTree = "<group>"; };
/* End PBXFileReference section */

/* Begin PBXFrameworksBuildPhase section */
		895AB8371C729417005A2AEB /* Frameworks */ = {
			isa = PBXFrameworksBuildPhase;
			buildActionMask = 2147483647;
			files = (
			);
			runOnlyForDeploymentPostprocessing = 0;
		};
		895AB8501C729418005A2AEB /* Frameworks */ = {
			isa = PBXFrameworksBuildPhase;
			buildActionMask = 2147483647;
			files = (
			);
			runOnlyForDeploymentPostprocessing = 0;
		};
		895AB85B1C729418005A2AEB /* Frameworks */ = {
			isa = PBXFrameworksBuildPhase;
			buildActionMask = 2147483647;
			files = (
			);
			runOnlyForDeploymentPostprocessing = 0;
		};
/* End PBXFrameworksBuildPhase section */

/* Begin PBXGroup section */
		895AB8311C729417005A2AEB = {
			isa = PBXGroup;
			children = (
				895AB83C1C729417005A2AEB /* Halo 5 Arena Stats */,
				895AB8561C729418005A2AEB /* Halo 5 Arena StatsTests */,
				895AB8611C729418005A2AEB /* Halo 5 Arena StatsUITests */,
				895AB83B1C729417005A2AEB /* Products */,
			);
			sourceTree = "<group>";
		};
		895AB83B1C729417005A2AEB /* Products */ = {
			isa = PBXGroup;
			children = (
				895AB83A1C729417005A2AEB /* Halo 5 Arena Stats.app */,
				895AB8531C729418005A2AEB /* Halo 5 Arena StatsTests.xctest */,
				895AB85E1C729418005A2AEB /* Halo 5 Arena StatsUITests.xctest */,
			);
			name = Products;
			sourceTree = "<group>";
		};
		895AB83C1C729417005A2AEB /* Halo 5 Arena Stats */ = {
			isa = PBXGroup;
			children = (
				895AB8401C729417005A2AEB /* AppDelegate.h */,
				895AB8411C729417005A2AEB /* AppDelegate.m */,
				895AB8431C729417005A2AEB /* ViewController.h */,
				895AB8441C729417005A2AEB /* ViewController.m */,
				895AB8461C729417005A2AEB /* Main.storyboard */,
				895AB8491C729417005A2AEB /* Assets.xcassets */,
				895AB84B1C729417005A2AEB /* LaunchScreen.storyboard */,
				895AB84E1C729417005A2AEB /* Info.plist */,
				895AB83D1C729417005A2AEB /* Supporting Files */,
			);
			path = "Halo 5 Arena Stats";
			sourceTree = "<group>";
		};
		895AB83D1C729417005A2AEB /* Supporting Files */ = {
			isa = PBXGroup;
			children = (
				895AB83E1C729417005A2AEB /* main.m */,
			);
			name = "Supporting Files";
			sourceTree = "<group>";
		};
		895AB8561C729418005A2AEB /* Halo 5 Arena StatsTests */ = {
			isa = PBXGroup;
			children = (
				895AB8571C729418005A2AEB /* Halo_5_Arena_StatsTests.m */,
				895AB8591C729418005A2AEB /* Info.plist */,
			);
			path = "Halo 5 Arena StatsTests";
			sourceTree = "<group>";
		};
		895AB8611C729418005A2AEB /* Halo 5 Arena StatsUITests */ = {
			isa = PBXGroup;
			children = (
				895AB8621C729418005A2AEB /* Halo_5_Arena_StatsUITests.m */,
				895AB8641C729418005A2AEB /* Info.plist */,
			);
			path = "Halo 5 Arena StatsUITests";
			sourceTree = "<group>";
		};
/* End PBXGroup section */

/* Begin PBXNativeTarget section */
		895AB8391C729417005A2AEB /* Halo 5 Arena Stats */ = {
			isa = PBXNativeTarget;
			buildConfigurationList = 895AB8671C729418005A2AEB /* Build configuration list for PBXNativeTarget "Halo 5 Arena Stats" */;
			buildPhases = (
				895AB8361C729417005A2AEB /* Sources */,
				895AB8371C729417005A2AEB /* Frameworks */,
				895AB8381C729417005A2AEB /* Resources */,
			);
			buildRules = (
			);
			dependencies = (
			);
			name = "Halo 5 Arena Stats";
			productName = "Halo 5 Arena Stats";
			productReference = 895AB83A1C729417005A2AEB /* Halo 5 Arena Stats.app */;
			productType = "com.apple.product-type.application";
		};
		895AB8521C729418005A2AEB /* Halo 5 Arena StatsTests */ = {
			isa = PBXNativeTarget;
			buildConfigurationList = 895AB86A1C729418005A2AEB /* Build configuration list for PBXNativeTarget "Halo 5 Arena StatsTests" */;
			buildPhases = (
				895AB84F1C729418005A2AEB /* Sources */,
				895AB8501C729418005A2AEB /* Frameworks */,
				895AB8511C729418005A2AEB /* Resources */,
			);
			buildRules = (
			);
			dependencies = (
				895AB8551C729418005A2AEB /* PBXTargetDependency */,
			);
			name = "Halo 5 Arena StatsTests";
			productName = "Halo 5 Arena StatsTests";
			productReference = 895AB8531C729418005A2AEB /* Halo 5 Arena StatsTests.xctest */;
			productType = "com.apple.product-type.bundle.unit-test";
		};
		895AB85D1C729418005A2AEB /* Halo 5 Arena StatsUITests */ = {
			isa = PBXNativeTarget;
			buildConfigurationList = 895AB86D1C729418005A2AEB /* Build configuration list for PBXNativeTarget "Halo 5 Arena StatsUITests" */;
			buildPhases = (
				895AB85A1C729418005A2AEB /* Sources */,
				895AB85B1C729418005A2AEB /* Frameworks */,
				895AB85C1C729418005A2AEB /* Resources */,
			);
			buildRules = (
			);
			dependencies = (
				895AB8601C729418005A2AEB /* PBXTargetDependency */,
			);
			name = "Halo 5 Arena StatsUITests";
			productName = "Halo 5 Arena StatsUITests";
			productReference = 895AB85E1C729418005A2AEB /* Halo 5 Arena StatsUITests.xctest */;
			productType = "com.apple.product-type.bundle.ui-testing";
		};
/* End PBXNativeTarget section */

/* Begin PBXProject section */
		895AB8321C729417005A2AEB /* Project object */ = {
			isa = PBXProject;
			attributes = {
				LastUpgradeCheck = 0720;
				ORGANIZATIONNAME = "John Chang";
				TargetAttributes = {
					895AB8391C729417005A2AEB = {
						CreatedOnToolsVersion = 7.2;
					};
					895AB8521C729418005A2AEB = {
						CreatedOnToolsVersion = 7.2;
						TestTargetID = 895AB8391C729417005A2AEB;
					};
					895AB85D1C729418005A2AEB = {
						CreatedOnToolsVersion = 7.2;
						TestTargetID = 895AB8391C729417005A2AEB;
					};
				};
			};
			buildConfigurationList = 895AB8351C729417005A2AEB /* Build configuration list for PBXProject "Halo 5 Arena Stats" */;
			compatibilityVersion = "Xcode 3.2";
			developmentRegion = English;
			hasScannedForEncodings = 0;
			knownRegions = (
				en,
				Base,
			);
			mainGroup = 895AB8311C729417005A2AEB;
			productRefGroup = 895AB83B1C729417005A2AEB /* Products */;
			projectDirPath = "";
			projectRoot = "";
			targets = (
				895AB8391C729417005A2AEB /* Halo 5 Arena Stats */,
				895AB8521C729418005A2AEB /* Halo 5 Arena StatsTests */,
				895AB85D1C729418005A2AEB /* Halo 5 Arena StatsUITests */,
			);
		};
/* End PBXProject section */

/* Begin PBXResourcesBuildPhase section */
		895AB8381C729417005A2AEB /* Resources */ = {
			isa = PBXResourcesBuildPhase;
			buildActionMask = 2147483647;
			files = (
				895AB84D1C729417005A2AEB /* LaunchScreen.storyboard in Resources */,
				895AB84A1C729417005A2AEB /* Assets.xcassets in Resources */,
				895AB8481C729417005A2AEB /* Main.storyboard in Resources */,
			);
			runOnlyForDeploymentPostprocessing = 0;
		};
		895AB8511C729418005A2AEB /* Resources */ = {
			isa = PBXResourcesBuildPhase;
			buildActionMask = 2147483647;
			files = (
			);
			runOnlyForDeploymentPostprocessing = 0;
		};
		895AB85C1C729418005A2AEB /* Resources */ = {
			isa = PBXResourcesBuildPhase;
			buildActionMask = 2147483647;
			files = (
			);
			runOnlyForDeploymentPostprocessing = 0;
		};
/* End PBXResourcesBuildPhase section */

/* Begin PBXSourcesBuildPhase section */
		895AB8361C729417005A2AEB /* Sources */ = {
			isa = PBXSourcesBuildPhase;
			buildActionMask = 2147483647;
			files = (
				895AB8451C729417005A2AEB /* ViewController.m in Sources */,
				895AB8421C729417005A2AEB /* AppDelegate.m in Sources */,
				895AB83F1C729417005A2AEB /* main.m in Sources */,
			);
			runOnlyForDeploymentPostprocessing = 0;
		};
		895AB84F1C729418005A2AEB /* Sources */ = {
			isa = PBXSourcesBuildPhase;
			buildActionMask = 2147483647;
			files = (
				895AB8581C729418005A2AEB /* Halo_5_Arena_StatsTests.m in Sources */,
			);
			runOnlyForDeploymentPostprocessing = 0;
		};
		895AB85A1C729418005A2AEB /* Sources */ = {
			isa = PBXSourcesBuildPhase;
			buildActionMask = 2147483647;
			files = (
				895AB8631C729418005A2AEB /* Halo_5_Arena_StatsUITests.m in Sources */,
			);
			runOnlyForDeploymentPostprocessing = 0;
		};
/* End PBXSourcesBuildPhase section */

/* Begin PBXTargetDependency section */
		895AB8551C729418005A2AEB /* PBXTargetDependency */ = {
			isa = PBXTargetDependency;
			target = 895AB8391C729417005A2AEB /* Halo 5 Arena Stats */;
			targetProxy = 895AB8541C729418005A2AEB /* PBXContainerItemProxy */;
		};
		895AB8601C729418005A2AEB /* PBXTargetDependency */ = {
			isa = PBXTargetDependency;
			target = 895AB8391C729417005A2AEB /* Halo 5 Arena Stats */;
			targetProxy = 895AB85F1C729418005A2AEB /* PBXContainerItemProxy */;
		};
/* End PBXTargetDependency section */

/* Begin PBXVariantGroup section */
		895AB8461C729417005A2AEB /* Main.storyboard */ = {
			isa = PBXVariantGroup;
			children = (
				895AB8471C729417005A2AEB /* Base */,
			);
			name = Main.storyboard;
			sourceTree = "<group>";
		};
		895AB84B1C729417005A2AEB /* LaunchScreen.storyboard */ = {
			isa = PBXVariantGroup;
			children = (
				895AB84C1C729417005A2AEB /* Base */,
			);
			name = LaunchScreen.storyboard;
			sourceTree = "<group>";
		};
/* End PBXVariantGroup section */

/* Begin XCBuildConfiguration section */
		895AB8651C729418005A2AEB /* Debug */ = {
			isa = XCBuildConfiguration;
			buildSettings = {
				ALWAYS_SEARCH_USER_PATHS = NO;
				CLANG_CXX_LANGUAGE_STANDARD = "gnu++0x";
				CLANG_CXX_LIBRARY = "libc++";
				CLANG_ENABLE_MODULES = YES;
				CLANG_ENABLE_OBJC_ARC = YES;
				CLANG_WARN_BOOL_CONVERSION = YES;
				CLANG_WARN_CONSTANT_CONVERSION = YES;
				CLANG_WARN_DIRECT_OBJC_ISA_USAGE = YES_ERROR;
				CLANG_WARN_EMPTY_BODY = YES;
				CLANG_WARN_ENUM_CONVERSION = YES;
				CLANG_WARN_INT_CONVERSION = YES;
				CLANG_WARN_OBJC_ROOT_CLASS = YES_ERROR;
				CLANG_WARN_UNREACHABLE_CODE = YES;
				CLANG_WARN__DUPLICATE_METHOD_MATCH = YES;
				"CODE_SIGN_IDENTITY[sdk=iphoneos*]" = "iPhone Developer";
				COPY_PHASE_STRIP = NO;
				DEBUG_INFORMATION_FORMAT = dwarf;
				ENABLE_STRICT_OBJC_MSGSEND = YES;
				ENABLE_TESTABILITY = YES;
				GCC_C_LANGUAGE_STANDARD = gnu99;
				GCC_DYNAMIC_NO_PIC = NO;
				GCC_NO_COMMON_BLOCKS = YES;
				GCC_OPTIMIZATION_LEVEL = 0;
				GCC_PREPROCESSOR_DEFINITIONS = (
					"DEBUG=1",
					"$(inherited)",
				);
				GCC_WARN_64_TO_32_BIT_CONVERSION = YES;
				GCC_WARN_ABOUT_RETURN_TYPE = YES_ERROR;
				GCC_WARN_UNDECLARED_SELECTOR = YES;
				GCC_WARN_UNINITIALIZED_AUTOS = YES_AGGRESSIVE;
				GCC_WARN_UNUSED_FUNCTION = YES;
				GCC_WARN_UNUSED_VARIABLE = YES;
				IPHONEOS_DEPLOYMENT_TARGET = 9.2;
				MTL_ENABLE_DEBUG_INFO = YES;
				ONLY_ACTIVE_ARCH = YES;
				SDKROOT = iphoneos;
				TARGETED_DEVICE_FAMILY = "1,2";
			};
			name = Debug;
		};
		895AB8661C729418005A2AEB /* Release */ = {
			isa = XCBuildConfiguration;
			buildSettings = {
				ALWAYS_SEARCH_USER_PATHS = NO;
				CLANG_CXX_LANGUAGE_STANDARD = "gnu++0x";
				CLANG_CXX_LIBRARY = "libc++";
				CLANG_ENABLE_MODULES = YES;
				CLANG_ENABLE_OBJC_ARC = YES;
				CLANG_WARN_BOOL_CONVERSION = YES;
				CLANG_WARN_CONSTANT_CONVERSION = YES;
				CLANG_WARN_DIRECT_OBJC_ISA_USAGE = YES_ERROR;
				CLANG_WARN_EMPTY_BODY = YES;
				CLANG_WARN_ENUM_CONVERSION = YES;
				CLANG_WARN_INT_CONVERSION = YES;
				CLANG_WARN_OBJC_ROOT_CLASS = YES_ERROR;
				CLANG_WARN_UNREACHABLE_CODE = YES;
				CLANG_WARN__DUPLICATE_METHOD_MATCH = YES;
				"CODE_SIGN_IDENTITY[sdk=iphoneos*]" = "iPhone Developer";
				COPY_PHASE_STRIP = NO;
				DEBUG_INFORMATION_FORMAT = "dwarf-with-dsym";
				ENABLE_NS_ASSERTIONS = NO;
				ENABLE_STRICT_OBJC_MSGSEND = YES;
				GCC_C_LANGUAGE_STANDARD = gnu99;
				GCC_NO_COMMON_BLOCKS = YES;
				GCC_WARN_64_TO_32_BIT_CONVERSION = YES;
				GCC_WARN_ABOUT_RETURN_TYPE = YES_ERROR;
				GCC_WARN_UNDECLARED_SELECTOR = YES;
				GCC_WARN_UNINITIALIZED_AUTOS = YES_AGGRESSIVE;
				GCC_WARN_UNUSED_FUNCTION = YES;
				GCC_WARN_UNUSED_VARIABLE = YES;
				IPHONEOS_DEPLOYMENT_TARGET = 9.2;
				MTL_ENABLE_DEBUG_INFO = NO;
				SDKROOT = iphoneos;
				TARGETED_DEVICE_FAMILY = "1,2";
				VALIDATE_PRODUCT = YES;
			};
			name = Release;
		};
		895AB8681C729418005A2AEB /* Debug */ = {
			isa = XCBuildConfiguration;
			buildSettings = {
				ASSETCATALOG_COMPILER_APPICON_NAME = AppIcon;
				INFOPLIST_FILE = "Halo 5 Arena Stats/Info.plist";
				LD_RUNPATH_SEARCH_PATHS = "$(inherited) @executable_path/Frameworks";
				PRODUCT_BUNDLE_IDENTIFIER = "changerrs.Halo-5-Arena-Stats";
				PRODUCT_NAME = "$(TARGET_NAME)";
			};
			name = Debug;
		};
		895AB8691C729418005A2AEB /* Release */ = {
			isa = XCBuildConfiguration;
			buildSettings = {
				ASSETCATALOG_COMPILER_APPICON_NAME = AppIcon;
				INFOPLIST_FILE = "Halo 5 Arena Stats/Info.plist";
				LD_RUNPATH_SEARCH_PATHS = "$(inherited) @executable_path/Frameworks";
				PRODUCT_BUNDLE_IDENTIFIER = "changerrs.Halo-5-Arena-Stats";
				PRODUCT_NAME = "$(TARGET_NAME)";
			};
			name = Release;
		};
		895AB86B1C729418005A2AEB /* Debug */ = {
			isa = XCBuildConfiguration;
			buildSettings = {
				BUNDLE_LOADER = "$(TEST_HOST)";
				INFOPLIST_FILE = "Halo 5 Arena StatsTests/Info.plist";
				LD_RUNPATH_SEARCH_PATHS = "$(inherited) @executable_path/Frameworks @loader_path/Frameworks";
				PRODUCT_BUNDLE_IDENTIFIER = "changerrs.Halo-5-Arena-StatsTests";
				PRODUCT_NAME = "$(TARGET_NAME)";
				TEST_HOST = "$(BUILT_PRODUCTS_DIR)/Halo 5 Arena Stats.app/Halo 5 Arena Stats";
			};
			name = Debug;
		};
		895AB86C1C729418005A2AEB /* Release */ = {
			isa = XCBuildConfiguration;
			buildSettings = {
				BUNDLE_LOADER = "$(TEST_HOST)";
				INFOPLIST_FILE = "Halo 5 Arena StatsTests/Info.plist";
				LD_RUNPATH_SEARCH_PATHS = "$(inherited) @executable_path/Frameworks @loader_path/Frameworks";
				PRODUCT_BUNDLE_IDENTIFIER = "changerrs.Halo-5-Arena-StatsTests";
				PRODUCT_NAME = "$(TARGET_NAME)";
				TEST_HOST = "$(BUILT_PRODUCTS_DIR)/Halo 5 Arena Stats.app/Halo 5 Arena Stats";
			};
			name = Release;
		};
		895AB86E1C729418005A2AEB /* Debug */ = {
			isa = XCBuildConfiguration;
			buildSettings = {
				INFOPLIST_FILE = "Halo 5 Arena StatsUITests/Info.plist";
				LD_RUNPATH_SEARCH_PATHS = "$(inherited) @executable_path/Frameworks @loader_path/Frameworks";
				PRODUCT_BUNDLE_IDENTIFIER = "changerrs.Halo-5-Arena-StatsUITests";
				PRODUCT_NAME = "$(TARGET_NAME)";
				TEST_TARGET_NAME = "Halo 5 Arena Stats";
				USES_XCTRUNNER = YES;
			};
			name = Debug;
		};
		895AB86F1C729418005A2AEB /* Release */ = {
			isa = XCBuildConfiguration;
			buildSettings = {
				INFOPLIST_FILE = "Halo 5 Arena StatsUITests/Info.plist";
				LD_RUNPATH_SEARCH_PATHS = "$(inherited) @executable_path/Frameworks @loader_path/Frameworks";
				PRODUCT_BUNDLE_IDENTIFIER = "changerrs.Halo-5-Arena-StatsUITests";
				PRODUCT_NAME = "$(TARGET_NAME)";
				TEST_TARGET_NAME = "Halo 5 Arena Stats";
				USES_XCTRUNNER = YES;
			};
			name = Release;
		};
/* End XCBuildConfiguration section */

/* Begin XCConfigurationList section */
		895AB8351C729417005A2AEB /* Build configuration list for PBXProject "Halo 5 Arena Stats" */ = {
			isa = XCConfigurationList;
			buildConfigurations = (
				895AB8651C729418005A2AEB /* Debug */,
				895AB8661C729418005A2AEB /* Release */,
			);
			defaultConfigurationIsVisible = 0;
			defaultConfigurationName = Release;
		};
		895AB8671C729418005A2AEB /* Build configuration list for PBXNativeTarget "Halo 5 Arena Stats" */ = {
			isa = XCConfigurationList;
			buildConfigurations = (
				895AB8681C729418005A2AEB /* Debug */,
				895AB8691C729418005A2AEB /* Release */,
			);
			defaultConfigurationIsVisible = 0;
		};
		895AB86A1C729418005A2AEB /* Build configuration list for PBXNativeTarget "Halo 5 Arena StatsTests" */ = {
			isa = XCConfigurationList;
			buildConfigurations = (
				895AB86B1C729418005A2AEB /* Debug */,
				895AB86C1C729418005A2AEB /* Release */,
			);
			defaultConfigurationIsVisible = 0;
		};
		895AB86D1C729418005A2AEB /* Build configuration list for PBXNativeTarget "Halo 5 Arena StatsUITests" */ = {
			isa = XCConfigurationList;
			buildConfigurations = (
				895AB86E1C729418005A2AEB /* Debug */,
				895AB86F1C729418005A2AEB /* Release */,
			);
			defaultConfigurationIsVisible = 0;
		};
/* End XCConfigurationList section */
	};
	rootObject = 895AB8321C729417005A2AEB /* Project object */;
}
